
Microsoft Visual Studio Solution File, Format Version 12.00
# Visual Studio Version 17
VisualStudioVersion = 17.2.32526.322
MinimumVisualStudioVersion = 10.0.40219.1
Project("{9A19103F-16F7-4668-BE54-9A1E7A4F7556}") = "LeaveManagement", "LeaveManagement\LeaveManagement.csproj", "{88E13088-DDA0-406B-B7ED-827B37A8787E}"
EndProject
Project("{2150E333-8FDC-42A3-9474-1A3956D46DE8}") = "Solution Items", "Solution Items", "{43ABC33A-F944-4876-AFB7-0BAB0EC3BCBE}"
	ProjectSection(SolutionItems) = preProject
		.editorconfig = .editorconfig
	EndProjectSection
EndProject
Global
	GlobalSection(SolutionConfigurationPlatforms) = preSolution
		Debug|Any CPU = Debug|Any CPU
		Release|Any CPU = Release|Any CPU
	EndGlobalSection
	GlobalSection(ProjectConfigurationPlatforms) = postSolution
		{88E13088-DDA0-406B-B7ED-827B37A8787E}.Debug|Any CPU.ActiveCfg = Debug|Any CPU
		{88E13088-DDA0-406B-B7ED-827B37A8787E}.Debug|Any CPU.Build.0 = Debug|Any CPU
		{88E13088-DDA0-406B-B7ED-827B37A8787E}.Release|Any CPU.ActiveCfg = Release|Any CPU
		{88E13088-DDA0-406B-B7ED-827B37A8787E}.Release|Any CPU.Build.0 = Release|Any CPU
	EndGlobalSection
	GlobalSection(SolutionProperties) = preSolution
		HideSolutionNode = FALSE
	EndGlobalSection
	GlobalSection(ExtensibilityGlobals) = postSolution
		SolutionGuid = {5D09ECC9-7860-4708-B379-F3A569D4F7BA}
	EndGlobalSection
EndGlobal
